PODS:
  - MobileWorkflow (2.1.29):
    - MobileWorkflow/Core (= 2.1.29)
  - MobileWorkflow/Core (2.1.29)
  - UserDefaultsPlugin (1.0.3):
    - UserDefaultsPlugin/Core (= 1.0.3)
  - UserDefaultsPlugin/Core (1.0.3):
    - MobileWorkflow (~> 2.1.29)

DEPENDENCIES:
  - MobileWorkflow (~> 2.1.6)
  - UserDefaultsPlugin (from `UserDefaultsPlugin.podspec`)

SPEC REPOS:
  https://github.com/FutureWorkshops/MWPodspecs.git:
    - MobileWorkflow

EXTERNAL SOURCES:
  UserDefaultsPlugin:
    :path: UserDefaultsPlugin.podspec

SPEC CHECKSUMS:
  MobileWorkflow: 95ae9b93675fd092a4974787948b83899844354d
  UserDefaultsPlugin: 9495b8a54a0086bdeab404caf27343193de8980e

PODFILE CHECKSUM: 3a8d51b671132f452a2d37de88f41e34a1f3f18f

COCOAPODS: 1.15.2
