PODS:
  - MobileWorkflow (2.1.6):
    - MobileWorkflow/Core (= 2.1.6)
  - MobileWorkflow/Core (2.1.6)
  - UserDefaultsPlugin (1.0.1):
    - UserDefaultsPlugin/Core (= 1.0.1)
  - UserDefaultsPlugin/Core (1.0.1):
    - MobileWorkflow (~> 2.1.6)

DEPENDENCIES:
  - MobileWorkflow (~> 2.1.6)
  - UserDefaultsPlugin (from `UserDefaultsPlugin.podspec`)

SPEC REPOS:
  https://github.com/FutureWorkshops/MWPodspecs.git:
    - MobileWorkflow

EXTERNAL SOURCES:
  UserDefaultsPlugin:
    :path: UserDefaultsPlugin.podspec

SPEC CHECKSUMS:
  MobileWorkflow: 68f65384ec75ac20ab9f94cb8b43156f763555a3
  UserDefaultsPlugin: da0825f50aadd25c25b5f3ad5320a78e952a2fb9

PODFILE CHECKSUM: 0ba73d862ecc48a97968ee2e30efbedae6c36029

COCOAPODS: 1.15.2
