// !$*UTF8*$!
{
	archiveVersion = 1;
	classes = {
	};
	objectVersion = 46;
	objects = {

/* Begin PBXBuildFile section */
		1978121C7218C880EDA68FCD /* Pods_MobileWorkflow_UserDefaults.framework in Frameworks */ = {isa = PBXBuildFile; fileRef = 1A0EEE21FFCD013ED3700CA3 /* Pods_MobileWorkflow_UserDefaults.framework */; };
		B03922DF4558EA4472B9A2BF /* mobileworkflow.license in Resources */ = {isa = PBXBuildFile; fileRef = F87CF95E4AC1D85AF977C198 /* mobileworkflow.license */; };
		B11F600B26289AC800EF2283 /* SceneDelegate.swift in Sources */ = {isa = PBXBuildFile; fileRef = B11F600A26289AC800EF2283 /* SceneDelegate.swift */; };
		B11F601126289B2B00EF2283 /* app.json in Resources */ = {isa = PBXBuildFile; fileRef = B11F601026289B2B00EF2283 /* app.json */; };
		B31B4A17844CC74BC56EDF8F /* Pods_UserDefaultsTests.framework in Frameworks */ = {isa = PBXBuildFile; fileRef = 1F109527C69002EC46826D25 /* Pods_UserDefaultsTests.framework */; };
		B75028B51C5A3F94000EB3CF /* AppDelegate.swift in Sources */ = {isa = PBXBuildFile; fileRef = B75028B41C5A3F94000EB3CF /* AppDelegate.swift */; };
		B75028BC1C5A3F94000EB3CF /* Assets.xcassets in Resources */ = {isa = PBXBuildFile; fileRef = B75028BB1C5A3F94000EB3CF /* Assets.xcassets */; };
		B75028BF1C5A3F94000EB3CF /* LaunchScreen.storyboard in Resources */ = {isa = PBXBuildFile; fileRef = B75028BD1C5A3F94000EB3CF /* LaunchScreen.storyboard */; };
		B75028CA1C5A3F94000EB3CF /* UserDefaultsTests.swift in Sources */ = {isa = PBXBuildFile; fileRef = B75028C91C5A3F94000EB3CF /* UserDefaultsTests.swift */; };
/* End PBXBuildFile section */

/* Begin PBXContainerItemProxy section */
		B75028C61C5A3F94000EB3CF /* PBXContainerItemProxy */ = {
			isa = PBXContainerItemProxy;
			containerPortal = B75028A91C5A3F94000EB3CF /* Project object */;
			proxyType = 1;
			remoteGlobalIDString = B75028B01C5A3F94000EB3CF;
			remoteInfo = UserDefaults;
		};
/* End PBXContainerItemProxy section */

/* Begin PBXFileReference section */
		1090225DA9A83E361952248B /* Pods-MobileWorkflow-UserDefaults.release.xcconfig */ = {isa = PBXFileReference; includeInIndex = 1; lastKnownFileType = text.xcconfig; name = "Pods-MobileWorkflow-UserDefaults.release.xcconfig"; path = "Target Support Files/Pods-MobileWorkflow-UserDefaults/Pods-MobileWorkflow-UserDefaults.release.xcconfig"; sourceTree = "<group>"; };
		1A0EEE21FFCD013ED3700CA3 /* Pods_MobileWorkflow_UserDefaults.framework */ = {isa = PBXFileReference; explicitFileType = wrapper.framework; includeInIndex = 0; path = Pods_MobileWorkflow_UserDefaults.framework; sourceTree = BUILT_PRODUCTS_DIR; };
		1F109527C69002EC46826D25 /* Pods_UserDefaultsTests.framework */ = {isa = PBXFileReference; explicitFileType = wrapper.framework; includeInIndex = 0; path = Pods_UserDefaultsTests.framework; sourceTree = BUILT_PRODUCTS_DIR; };
		48F2141D77CD35F765E957DE /* Pods-UserDefaultsTests.release.xcconfig */ = {isa = PBXFileReference; includeInIndex = 1; lastKnownFileType = text.xcconfig; name = "Pods-UserDefaultsTests.release.xcconfig"; path = "Target Support Files/Pods-UserDefaultsTests/Pods-UserDefaultsTests.release.xcconfig"; sourceTree = "<group>"; };
		5798CE49E46F2A9972D6EA7C /* Pods-MobileWorkflow-UserDefaults.debug.xcconfig */ = {isa = PBXFileReference; includeInIndex = 1; lastKnownFileType = text.xcconfig; name = "Pods-MobileWorkflow-UserDefaults.debug.xcconfig"; path = "Target Support Files/Pods-MobileWorkflow-UserDefaults/Pods-MobileWorkflow-UserDefaults.debug.xcconfig"; sourceTree = "<group>"; };
		5B5E5F7F6517AF8E98E1E3B0 /* Pods-MobileWorkflowForms-UserDefaults.release.xcconfig */ = {isa = PBXFileReference; includeInIndex = 1; lastKnownFileType = text.xcconfig; name = "Pods-MobileWorkflowForms-UserDefaults.release.xcconfig"; path = "Target Support Files/Pods-MobileWorkflowForms-UserDefaults/Pods-MobileWorkflowForms-UserDefaults.release.xcconfig"; sourceTree = "<group>"; };
		5DA190832A2DF087F87FD47F /* Pods-MobileWorkflowForms-UserDefaults.debug.xcconfig */ = {isa = PBXFileReference; includeInIndex = 1; lastKnownFileType = text.xcconfig; name = "Pods-MobileWorkflowForms-UserDefaults.debug.xcconfig"; path = "Target Support Files/Pods-MobileWorkflowForms-UserDefaults/Pods-MobileWorkflowForms-UserDefaults.debug.xcconfig"; sourceTree = "<group>"; };
		69722585D554AF843A66AF90 /* Pods-UserDefaultsTests.debug.xcconfig */ = {isa = PBXFileReference; includeInIndex = 1; lastKnownFileType = text.xcconfig; name = "Pods-UserDefaultsTests.debug.xcconfig"; path = "Target Support Files/Pods-UserDefaultsTests/Pods-UserDefaultsTests.debug.xcconfig"; sourceTree = "<group>"; };
		78C0E9BB20BC315100255055 /* UserDefaults.entitlements */ = {isa = PBXFileReference; lastKnownFileType = text.plist.entitlements; path = UserDefaults.entitlements; sourceTree = "<group>"; };
		B11F5FF92628941B00EF2283 /* UserDefaultsPlugin.framework */ = {isa = PBXFileReference; explicitFileType = wrapper.framework; path = UserDefaultsPlugin.framework; sourceTree = BUILT_PRODUCTS_DIR; };
		B11F600A26289AC800EF2283 /* SceneDelegate.swift */ = {isa = PBXFileReference; lastKnownFileType = sourcecode.swift; path = SceneDelegate.swift; sourceTree = "<group>"; };
		B11F601026289B2B00EF2283 /* app.json */ = {isa = PBXFileReference; lastKnownFileType = text.json; path = app.json; sourceTree = "<group>"; };
		B75028B11C5A3F94000EB3CF /* UserDefaults.app */ = {isa = PBXFileReference; explicitFileType = wrapper.application; includeInIndex = 0; path = UserDefaults.app; sourceTree = BUILT_PRODUCTS_DIR; };
		B75028B41C5A3F94000EB3CF /* AppDelegate.swift */ = {isa = PBXFileReference; lastKnownFileType = sourcecode.swift; path = AppDelegate.swift; sourceTree = "<group>"; };
		B75028BB1C5A3F94000EB3CF /* Assets.xcassets */ = {isa = PBXFileReference; lastKnownFileType = folder.assetcatalog; path = Assets.xcassets; sourceTree = "<group>"; };
		B75028BE1C5A3F94000EB3CF /* Base */ = {isa = PBXFileReference; lastKnownFileType = file.storyboard; name = Base; path = Base.lproj/LaunchScreen.storyboard; sourceTree = "<group>"; };
		B75028C01C5A3F94000EB3CF /* Info.plist */ = {isa = PBXFileReference; lastKnownFileType = text.plist.xml; path = Info.plist; sourceTree = "<group>"; };
		B75028C51C5A3F94000EB3CF /* UserDefaultsTests.xctest */ = {isa = PBXFileReference; explicitFileType = wrapper.cfbundle; includeInIndex = 0; path = UserDefaultsTests.xctest; sourceTree = BUILT_PRODUCTS_DIR; };
		B75028C91C5A3F94000EB3CF /* UserDefaultsTests.swift */ = {isa = PBXFileReference; lastKnownFileType = sourcecode.swift; path = UserDefaultsTests.swift; sourceTree = "<group>"; };
		B75028CB1C5A3F94000EB3CF /* Info.plist */ = {isa = PBXFileReference; lastKnownFileType = text.plist.xml; path = Info.plist; sourceTree = "<group>"; };
		B75028D71C5A4093000EB3CF /* fw-shared.xcconfig */ = {isa = PBXFileReference; fileEncoding = 4; lastKnownFileType = text.xcconfig; path = "fw-shared.xcconfig"; sourceTree = "<group>"; };
		C3BB22593646D99EC92B497C /* Pods-UserDefaults.release.xcconfig */ = {isa = PBXFileReference; includeInIndex = 1; lastKnownFileType = text.xcconfig; name = "Pods-UserDefaults.release.xcconfig"; path = "Target Support Files/Pods-UserDefaults/Pods-UserDefaults.release.xcconfig"; sourceTree = "<group>"; };
		E3D1557B1E8E63E564597AE2 /* Pods-UserDefaults.debug.xcconfig */ = {isa = PBXFileReference; includeInIndex = 1; lastKnownFileType = text.xcconfig; name = "Pods-UserDefaults.debug.xcconfig"; path = "Target Support Files/Pods-UserDefaults/Pods-UserDefaults.debug.xcconfig"; sourceTree = "<group>"; };
		F87CF95E4AC1D85AF977C198 /* mobileworkflow.license */ = {isa = PBXFileReference; includeInIndex = 1; path = mobileworkflow.license; sourceTree = "<group>"; };
/* End PBXFileReference section */

/* Begin PBXFrameworksBuildPhase section */
		B75028AE1C5A3F94000EB3CF /* Frameworks */ = {
			isa = PBXFrameworksBuildPhase;
			buildActionMask = 2147483647;
			files = (
				1978121C7218C880EDA68FCD /* Pods_MobileWorkflow_UserDefaults.framework in Frameworks */,
			);
			runOnlyForDeploymentPostprocessing = 0;
		};
		B75028C21C5A3F94000EB3CF /* Frameworks */ = {
			isa = PBXFrameworksBuildPhase;
			buildActionMask = 2147483647;
			files = (
				B31B4A17844CC74BC56EDF8F /* Pods_UserDefaultsTests.framework in Frameworks */,
			);
			runOnlyForDeploymentPostprocessing = 0;
		};
/* End PBXFrameworksBuildPhase section */

/* Begin PBXGroup section */
		57EDBFD22715CFBFF129623E /* Pods */ = {
			isa = PBXGroup;
			children = (
				E3D1557B1E8E63E564597AE2 /* Pods-UserDefaults.debug.xcconfig */,
				C3BB22593646D99EC92B497C /* Pods-UserDefaults.release.xcconfig */,
				69722585D554AF843A66AF90 /* Pods-UserDefaultsTests.debug.xcconfig */,
				48F2141D77CD35F765E957DE /* Pods-UserDefaultsTests.release.xcconfig */,
				5DA190832A2DF087F87FD47F /* Pods-MobileWorkflowForms-UserDefaults.debug.xcconfig */,
				5B5E5F7F6517AF8E98E1E3B0 /* Pods-MobileWorkflowForms-UserDefaults.release.xcconfig */,
				5798CE49E46F2A9972D6EA7C /* Pods-MobileWorkflow-UserDefaults.debug.xcconfig */,
				1090225DA9A83E361952248B /* Pods-MobileWorkflow-UserDefaults.release.xcconfig */,
			);
			name = Pods;
			path = ../Pods;
			sourceTree = "<group>";
		};
		864389854B29EE1B8E18CC21 /* Frameworks */ = {
			isa = PBXGroup;
			children = (
				B11F5FF92628941B00EF2283 /* UserDefaultsPlugin.framework */,
				1F109527C69002EC46826D25 /* Pods_UserDefaultsTests.framework */,
				1A0EEE21FFCD013ED3700CA3 /* Pods_MobileWorkflow_UserDefaults.framework */,
			);
			name = Frameworks;
			sourceTree = "<group>";
		};
		B11F600F26289B2000EF2283 /* App Configuration */ = {
			isa = PBXGroup;
			children = (
				B11F601026289B2B00EF2283 /* app.json */,
			);
			path = "App Configuration";
			sourceTree = "<group>";
		};
		B75028A81C5A3F94000EB3CF = {
			isa = PBXGroup;
			children = (
				B75028B31C5A3F94000EB3CF /* UserDefaults */,
				B75028C81C5A3F94000EB3CF /* UserDefaultsTests */,
				B75028B21C5A3F94000EB3CF /* Products */,
				57EDBFD22715CFBFF129623E /* Pods */,
				864389854B29EE1B8E18CC21 /* Frameworks */,
			);
			sourceTree = "<group>";
		};
		B75028B21C5A3F94000EB3CF /* Products */ = {
			isa = PBXGroup;
			children = (
				B75028B11C5A3F94000EB3CF /* UserDefaults.app */,
				B75028C51C5A3F94000EB3CF /* UserDefaultsTests.xctest */,
			);
			name = Products;
			sourceTree = "<group>";
		};
		B75028B31C5A3F94000EB3CF /* UserDefaults */ = {
			isa = PBXGroup;
			children = (
				B11F600F26289B2000EF2283 /* App Configuration */,
				B75028D51C5A404A000EB3CF /* Resources */,
				B75028D41C5A4045000EB3CF /* Supporting Files */,
				B75028B41C5A3F94000EB3CF /* AppDelegate.swift */,
				B11F600A26289AC800EF2283 /* SceneDelegate.swift */,
			);
			path = UserDefaults;
			sourceTree = "<group>";
		};
		B75028C81C5A3F94000EB3CF /* UserDefaultsTests */ = {
			isa = PBXGroup;
			children = (
				B75028D61C5A405D000EB3CF /* Supporting Files */,
				B75028C91C5A3F94000EB3CF /* UserDefaultsTests.swift */,
			);
			path = UserDefaultsTests;
			sourceTree = "<group>";
		};
		B75028D41C5A4045000EB3CF /* Supporting Files */ = {
			isa = PBXGroup;
			children = (
				78C0E9BB20BC315100255055 /* UserDefaults.entitlements */,
				B75028C01C5A3F94000EB3CF /* Info.plist */,
				B75028D71C5A4093000EB3CF /* fw-shared.xcconfig */,
				F87CF95E4AC1D85AF977C198 /* mobileworkflow.license */,
			);
			path = "Supporting Files";
			sourceTree = "<group>";
		};
		B75028D51C5A404A000EB3CF /* Resources */ = {
			isa = PBXGroup;
			children = (
				B75028BB1C5A3F94000EB3CF /* Assets.xcassets */,
				B75028BD1C5A3F94000EB3CF /* LaunchScreen.storyboard */,
			);
			path = Resources;
			sourceTree = "<group>";
		};
		B75028D61C5A405D000EB3CF /* Supporting Files */ = {
			isa = PBXGroup;
			children = (
				B75028CB1C5A3F94000EB3CF /* Info.plist */,
			);
			path = "Supporting Files";
			sourceTree = "<group>";
		};
/* End PBXGroup section */

/* Begin PBXNativeTarget section */
		B75028B01C5A3F94000EB3CF /* UserDefaults */ = {
			isa = PBXNativeTarget;
			buildConfigurationList = B75028CE1C5A3F94000EB3CF /* Build configuration list for PBXNativeTarget "UserDefaults" */;
			buildPhases = (
				25ADAEABCC086AFED3B80BB0 /* [CP] Check Pods Manifest.lock */,
				B75028AD1C5A3F94000EB3CF /* Sources */,
				B75028AE1C5A3F94000EB3CF /* Frameworks */,
				B75028AF1C5A3F94000EB3CF /* Resources */,
				7C9836B36190772C19C4DE1F /* [CP] Embed Pods Frameworks */,
			);
			buildRules = (
			);
			dependencies = (
			);
			name = UserDefaults;
			productName = UserDefaults;
			productReference = B75028B11C5A3F94000EB3CF /* UserDefaults.app */;
			productType = "com.apple.product-type.application";
		};
		B75028C41C5A3F94000EB3CF /* UserDefaultsTests */ = {
			isa = PBXNativeTarget;
			buildConfigurationList = B75028D11C5A3F94000EB3CF /* Build configuration list for PBXNativeTarget "UserDefaultsTests" */;
			buildPhases = (
				0528CA9B7947101CEE75758D /* [CP] Check Pods Manifest.lock */,
				B75028C11C5A3F94000EB3CF /* Sources */,
				B75028C21C5A3F94000EB3CF /* Frameworks */,
				B75028C31C5A3F94000EB3CF /* Resources */,
			);
			buildRules = (
			);
			dependencies = (
				B75028C71C5A3F94000EB3CF /* PBXTargetDependency */,
			);
			name = UserDefaultsTests;
			productName = UserDefaultsTests;
			productReference = B75028C51C5A3F94000EB3CF /* UserDefaultsTests.xctest */;
			productType = "com.apple.product-type.bundle.unit-test";
		};
/* End PBXNativeTarget section */

/* Begin PBXProject section */
		B75028A91C5A3F94000EB3CF /* Project object */ = {
			isa = PBXProject;
			attributes = {
				LastSwiftUpdateCheck = 0720;
				LastUpgradeCheck = 1200;
				ORGANIZATIONNAME = "Future Workshops";
				TargetAttributes = {
					B75028B01C5A3F94000EB3CF = {
						CreatedOnToolsVersion = 7.2;
						DevelopmentTeam = BQHMJ2C6RL;
						LastSwiftMigration = 1020;
						ProvisioningStyle = Manual;
						SystemCapabilities = {
							com.apple.DataProtection = {
								enabled = 1;
							};
						};
					};
					B75028C41C5A3F94000EB3CF = {
						CreatedOnToolsVersion = 7.2;
						LastSwiftMigration = 1020;
						ProvisioningStyle = Manual;
						TestTargetID = B75028B01C5A3F94000EB3CF;
					};
				};
			};
			buildConfigurationList = B75028AC1C5A3F94000EB3CF /* Build configuration list for PBXProject "UserDefaults" */;
			compatibilityVersion = "Xcode 3.2";
			developmentRegion = en;
			hasScannedForEncodings = 0;
			knownRegions = (
				en,
				Base,
			);
			mainGroup = B75028A81C5A3F94000EB3CF;
			productRefGroup = B75028B21C5A3F94000EB3CF /* Products */;
			projectDirPath = "";
			projectRoot = "";
			targets = (
				B75028B01C5A3F94000EB3CF /* UserDefaults */,
				B75028C41C5A3F94000EB3CF /* UserDefaultsTests */,
			);
		};
/* End PBXProject section */

/* Begin PBXResourcesBuildPhase section */
		B75028AF1C5A3F94000EB3CF /* Resources */ = {
			isa = PBXResourcesBuildPhase;
			buildActionMask = 2147483647;
			files = (
				B75028BF1C5A3F94000EB3CF /* LaunchScreen.storyboard in Resources */,
				B75028BC1C5A3F94000EB3CF /* Assets.xcassets in Resources */,
				B11F601126289B2B00EF2283 /* app.json in Resources */,
				B03922DF4558EA4472B9A2BF /* mobileworkflow.license in Resources */,
			);
			runOnlyForDeploymentPostprocessing = 0;
		};
		B75028C31C5A3F94000EB3CF /* Resources */ = {
			isa = PBXResourcesBuildPhase;
			buildActionMask = 2147483647;
			files = (
			);
			runOnlyForDeploymentPostprocessing = 0;
		};
/* End PBXResourcesBuildPhase section */

/* Begin PBXShellScriptBuildPhase section */
		0528CA9B7947101CEE75758D /* [CP] Check Pods Manifest.lock */ = {
			isa = PBXShellScriptBuildPhase;
			buildActionMask = 2147483647;
			files = (
			);
			inputFileListPaths = (
			);
			inputPaths = (
				"${PODS_PODFILE_DIR_PATH}/Podfile.lock",
				"${PODS_ROOT}/Manifest.lock",
			);
			name = "[CP] Check Pods Manifest.lock";
			outputFileListPaths = (
			);
			outputPaths = (
				"$(DERIVED_FILE_DIR)/Pods-UserDefaultsTests-checkManifestLockResult.txt",
			);
			runOnlyForDeploymentPostprocessing = 0;
			shellPath = /bin/sh;
			shellScript = "diff \"${PODS_PODFILE_DIR_PATH}/Podfile.lock\" \"${PODS_ROOT}/Manifest.lock\" > /dev/null\nif [ $? != 0 ] ; then\n    # print error to STDERR\n    echo \"error: The sandbox is not in sync with the Podfile.lock. Run 'pod install' or update your CocoaPods installation.\" >&2\n    exit 1\nfi\n# This output is used by Xcode 'outputs' to avoid re-running this script phase.\necho \"SUCCESS\" > \"${SCRIPT_OUTPUT_FILE_0}\"\n";
			showEnvVarsInLog = 0;
		};
		25ADAEABCC086AFED3B80BB0 /* [CP] Check Pods Manifest.lock */ = {
			isa = PBXShellScriptBuildPhase;
			buildActionMask = 2147483647;
			files = (
			);
			inputFileListPaths = (
			);
			inputPaths = (
				"${PODS_PODFILE_DIR_PATH}/Podfile.lock",
				"${PODS_ROOT}/Manifest.lock",
			);
			name = "[CP] Check Pods Manifest.lock";
			outputFileListPaths = (
			);
			outputPaths = (
				"$(DERIVED_FILE_DIR)/Pods-MobileWorkflow-UserDefaults-checkManifestLockResult.txt",
			);
			runOnlyForDeploymentPostprocessing = 0;
			shellPath = /bin/sh;
			shellScript = "diff \"${PODS_PODFILE_DIR_PATH}/Podfile.lock\" \"${PODS_ROOT}/Manifest.lock\" > /dev/null\nif [ $? != 0 ] ; then\n    # print error to STDERR\n    echo \"error: The sandbox is not in sync with the Podfile.lock. Run 'pod install' or update your CocoaPods installation.\" >&2\n    exit 1\nfi\n# This output is used by Xcode 'outputs' to avoid re-running this script phase.\necho \"SUCCESS\" > \"${SCRIPT_OUTPUT_FILE_0}\"\n";
			showEnvVarsInLog = 0;
		};
		7C9836B36190772C19C4DE1F /* [CP] Embed Pods Frameworks */ = {
			isa = PBXShellScriptBuildPhase;
			buildActionMask = 2147483647;
			files = (
			);
			inputPaths = (
				"${PODS_ROOT}/Target Support Files/Pods-MobileWorkflow-UserDefaults/Pods-MobileWorkflow-UserDefaults-frameworks.sh",
				"${BUILT_PRODUCTS_DIR}/UserDefaultsPlugin/UserDefaultsPlugin.framework",
				"${PODS_XCFRAMEWORKS_BUILD_DIR}/MobileWorkflow/Core/MobileWorkflowCore.framework/MobileWorkflowCore",
			);
			name = "[CP] Embed Pods Frameworks";
			outputPaths = (
				"${TARGET_BUILD_DIR}/${FRAMEWORKS_FOLDER_PATH}/UserDefaultsPlugin.framework",
				"${TARGET_BUILD_DIR}/${FRAMEWORKS_FOLDER_PATH}/MobileWorkflowCore.framework",
			);
			runOnlyForDeploymentPostprocessing = 0;
			shellPath = /bin/sh;
			shellScript = "\"${PODS_ROOT}/Target Support Files/Pods-MobileWorkflow-UserDefaults/Pods-MobileWorkflow-UserDefaults-frameworks.sh\"\n";
			showEnvVarsInLog = 0;
		};
/* End PBXShellScriptBuildPhase section */

/* Begin PBXSourcesBuildPhase section */
		B75028AD1C5A3F94000EB3CF /* Sources */ = {
			isa = PBXSourcesBuildPhase;
			buildActionMask = 2147483647;
			files = (
				B75028B51C5A3F94000EB3CF /* AppDelegate.swift in Sources */,
				B11F600B26289AC800EF2283 /* SceneDelegate.swift in Sources */,
			);
			runOnlyForDeploymentPostprocessing = 0;
		};
		B75028C11C5A3F94000EB3CF /* Sources */ = {
			isa = PBXSourcesBuildPhase;
			buildActionMask = 2147483647;
			files = (
				B75028CA1C5A3F94000EB3CF /* UserDefaultsTests.swift in Sources */,
			);
			runOnlyForDeploymentPostprocessing = 0;
		};
/* End PBXSourcesBuildPhase section */

/* Begin PBXTargetDependency section */
		B75028C71C5A3F94000EB3CF /* PBXTargetDependency */ = {
			isa = PBXTargetDependency;
			target = B75028B01C5A3F94000EB3CF /* UserDefaults */;
			targetProxy = B75028C61C5A3F94000EB3CF /* PBXContainerItemProxy */;
		};
/* End PBXTargetDependency section */

/* Begin PBXVariantGroup section */
		B75028BD1C5A3F94000EB3CF /* LaunchScreen.storyboard */ = {
			isa = PBXVariantGroup;
			children = (
				B75028BE1C5A3F94000EB3CF /* Base */,
			);
			name = LaunchScreen.storyboard;
			path = .;
			sourceTree = "<group>";
		};
/* End PBXVariantGroup section */

/* Begin XCBuildConfiguration section */
		B75028CC1C5A3F94000EB3CF /* Debug */ = {
			isa = XCBuildConfiguration;
			baseConfigurationReference = B75028D71C5A4093000EB3CF /* fw-shared.xcconfig */;
			buildSettings = {
				ALWAYS_SEARCH_USER_PATHS = NO;
				CLANG_ANALYZER_LOCALIZABILITY_NONLOCALIZED = YES;
				CLANG_CXX_LANGUAGE_STANDARD = "gnu++0x";
				CLANG_CXX_LIBRARY = "libc++";
				CLANG_ENABLE_MODULES = YES;
				CLANG_ENABLE_OBJC_ARC = YES;
				CLANG_WARN_BLOCK_CAPTURE_AUTORELEASING = YES;
				CLANG_WARN_BOOL_CONVERSION = YES;
				CLANG_WARN_COMMA = YES;
				CLANG_WARN_CONSTANT_CONVERSION = YES;
				CLANG_WARN_DIRECT_OBJC_ISA_USAGE = YES_ERROR;
				CLANG_WARN_EMPTY_BODY = YES;
				CLANG_WARN_ENUM_CONVERSION = YES;
				CLANG_WARN_INFINITE_RECURSION = YES;
				CLANG_WARN_INT_CONVERSION = YES;
				CLANG_WARN_OBJC_ROOT_CLASS = YES_ERROR;
				CLANG_WARN_QUOTED_INCLUDE_IN_FRAMEWORK_HEADER = YES;
				CLANG_WARN_RANGE_LOOP_ANALYSIS = YES;
				CLANG_WARN_STRICT_PROTOTYPES = YES;
				CLANG_WARN_SUSPICIOUS_MOVE = YES;
				CLANG_WARN_UNREACHABLE_CODE = YES;
				CLANG_WARN__DUPLICATE_METHOD_MATCH = YES;
				"CODE_SIGN_IDENTITY[sdk=iphoneos*]" = "iPhone Developer";
				COPY_PHASE_STRIP = NO;
				DEBUG_INFORMATION_FORMAT = dwarf;
				ENABLE_STRICT_OBJC_MSGSEND = YES;
				ENABLE_TESTABILITY = YES;
				GCC_C_LANGUAGE_STANDARD = gnu99;
				GCC_DYNAMIC_NO_PIC = NO;
				GCC_NO_COMMON_BLOCKS = YES;
				GCC_OPTIMIZATION_LEVEL = 0;
				GCC_PREPROCESSOR_DEFINITIONS = (
					"DEBUG=1",
					"$(inherited)",
				);
				GCC_WARN_64_TO_32_BIT_CONVERSION = YES;
				GCC_WARN_ABOUT_RETURN_TYPE = YES_ERROR;
				GCC_WARN_UNDECLARED_SELECTOR = YES;
				GCC_WARN_UNINITIALIZED_AUTOS = YES_AGGRESSIVE;
				GCC_WARN_UNUSED_FUNCTION = YES;
				GCC_WARN_UNUSED_VARIABLE = YES;
				IPHONEOS_DEPLOYMENT_TARGET = 15.0;
				MTL_ENABLE_DEBUG_INFO = YES;
				ONLY_ACTIVE_ARCH = YES;
				SDKROOT = iphoneos;
				SWIFT_OPTIMIZATION_LEVEL = "-Onone";
				SWIFT_VERSION = 5.0;
				TARGETED_DEVICE_FAMILY = "1,2";
			};
			name = Debug;
		};
		B75028CD1C5A3F94000EB3CF /* Release */ = {
			isa = XCBuildConfiguration;
			baseConfigurationReference = B75028D71C5A4093000EB3CF /* fw-shared.xcconfig */;
			buildSettings = {
				ALWAYS_SEARCH_USER_PATHS = NO;
				CLANG_ANALYZER_LOCALIZABILITY_NONLOCALIZED = YES;
				CLANG_CXX_LANGUAGE_STANDARD = "gnu++0x";
				CLANG_CXX_LIBRARY = "libc++";
				CLANG_ENABLE_MODULES = YES;
				CLANG_ENABLE_OBJC_ARC = YES;
				CLANG_WARN_BLOCK_CAPTURE_AUTORELEASING = YES;
				CLANG_WARN_BOOL_CONVERSION = YES;
				CLANG_WARN_COMMA = YES;
				CLANG_WARN_CONSTANT_CONVERSION = YES;
				CLANG_WARN_DIRECT_OBJC_ISA_USAGE = YES_ERROR;
				CLANG_WARN_EMPTY_BODY = YES;
				CLANG_WARN_ENUM_CONVERSION = YES;
				CLANG_WARN_INFINITE_RECURSION = YES;
				CLANG_WARN_INT_CONVERSION = YES;
				CLANG_WARN_OBJC_ROOT_CLASS = YES_ERROR;
				CLANG_WARN_QUOTED_INCLUDE_IN_FRAMEWORK_HEADER = YES;
				CLANG_WARN_RANGE_LOOP_ANALYSIS = YES;
				CLANG_WARN_STRICT_PROTOTYPES = YES;
				CLANG_WARN_SUSPICIOUS_MOVE = YES;
				CLANG_WARN_UNREACHABLE_CODE = YES;
				CLANG_WARN__DUPLICATE_METHOD_MATCH = YES;
				"CODE_SIGN_IDENTITY[sdk=iphoneos*]" = "iPhone Developer";
				COPY_PHASE_STRIP = NO;
				DEBUG_INFORMATION_FORMAT = "dwarf-with-dsym";
				ENABLE_NS_ASSERTIONS = NO;
				ENABLE_STRICT_OBJC_MSGSEND = YES;
				GCC_C_LANGUAGE_STANDARD = gnu99;
				GCC_NO_COMMON_BLOCKS = YES;
				GCC_WARN_64_TO_32_BIT_CONVERSION = YES;
				GCC_WARN_ABOUT_RETURN_TYPE = YES_ERROR;
				GCC_WARN_UNDECLARED_SELECTOR = YES;
				GCC_WARN_UNINITIALIZED_AUTOS = YES_AGGRESSIVE;
				GCC_WARN_UNUSED_FUNCTION = YES;
				GCC_WARN_UNUSED_VARIABLE = YES;
				IPHONEOS_DEPLOYMENT_TARGET = 15.0;
				MTL_ENABLE_DEBUG_INFO = NO;
				SDKROOT = iphoneos;
				SWIFT_OPTIMIZATION_LEVEL = "-Owholemodule";
				SWIFT_VERSION = 5.0;
				TARGETED_DEVICE_FAMILY = "1,2";
				VALIDATE_PRODUCT = YES;
			};
			name = Release;
		};
		B75028CF1C5A3F94000EB3CF /* Debug */ = {
			isa = XCBuildConfiguration;
			baseConfigurationReference = 5798CE49E46F2A9972D6EA7C /* Pods-MobileWorkflow-UserDefaults.debug.xcconfig */;
			buildSettings = {
				ASSETCATALOG_COMPILER_APPICON_NAME = AppIcon;
				CODE_SIGN_ENTITLEMENTS = "UserDefaults/Supporting Files/UserDefaults.entitlements";
				CODE_SIGN_STYLE = Manual;
				DEVELOPMENT_TEAM = BQHMJ2C6RL;
				INFOPLIST_FILE = "UserDefaults/Supporting Files/Info.plist";
				LD_RUNPATH_SEARCH_PATHS = "$(inherited) @executable_path/Frameworks";
				PRODUCT_BUNDLE_IDENTIFIER = com.futureworkshops.UserDefaults;
				PRODUCT_NAME = "$(TARGET_NAME)";
				PROVISIONING_PROFILE_SPECIFIER = "FW-Ent-All-Development";
				SWIFT_VERSION = 5.0;
				TARGETED_DEVICE_FAMILY = 1;
			};
			name = Debug;
		};
		B75028D01C5A3F94000EB3CF /* Release */ = {
			isa = XCBuildConfiguration;
			baseConfigurationReference = 1090225DA9A83E361952248B /* Pods-MobileWorkflow-UserDefaults.release.xcconfig */;
			buildSettings = {
				ASSETCATALOG_COMPILER_APPICON_NAME = AppIcon;
				CODE_SIGN_ENTITLEMENTS = "UserDefaults/Supporting Files/UserDefaults.entitlements";
				CODE_SIGN_STYLE = Manual;
				DEVELOPMENT_TEAM = BQHMJ2C6RL;
				INFOPLIST_FILE = "UserDefaults/Supporting Files/Info.plist";
				LD_RUNPATH_SEARCH_PATHS = "$(inherited) @executable_path/Frameworks";
				PRODUCT_BUNDLE_IDENTIFIER = com.futureworkshops.UserDefaults;
				PRODUCT_NAME = "$(TARGET_NAME)";
				PROVISIONING_PROFILE_SPECIFIER = "FW-Ent-All-Development";
				SWIFT_VERSION = 5.0;
				TARGETED_DEVICE_FAMILY = 1;
			};
			name = Release;
		};
		B75028D21C5A3F94000EB3CF /* Debug */ = {
			isa = XCBuildConfiguration;
			baseConfigurationReference = 69722585D554AF843A66AF90 /* Pods-UserDefaultsTests.debug.xcconfig */;
			buildSettings = {
				BUNDLE_LOADER = "$(TEST_HOST)";
				CODE_SIGN_STYLE = Manual;
				DEVELOPMENT_TEAM = "";
				INFOPLIST_FILE = "UserDefaultsTests/Supporting Files/Info.plist";
				LD_RUNPATH_SEARCH_PATHS = "$(inherited) @executable_path/Frameworks @loader_path/Frameworks";
				PRODUCT_BUNDLE_IDENTIFIER = com.futureworkshops.UserDefaultsTests;
				PRODUCT_NAME = "$(TARGET_NAME)";
				PROVISIONING_PROFILE_SPECIFIER = "";
				SWIFT_VERSION = 5.0;
				TEST_HOST = "$(BUILT_PRODUCTS_DIR)/UserDefaults.app/UserDefaults";
			};
			name = Debug;
		};
		B75028D31C5A3F94000EB3CF /* Release */ = {
			isa = XCBuildConfiguration;
			baseConfigurationReference = 48F2141D77CD35F765E957DE /* Pods-UserDefaultsTests.release.xcconfig */;
			buildSettings = {
				BUNDLE_LOADER = "$(TEST_HOST)";
				CODE_SIGN_STYLE = Manual;
				DEVELOPMENT_TEAM = "";
				INFOPLIST_FILE = "UserDefaultsTests/Supporting Files/Info.plist";
				LD_RUNPATH_SEARCH_PATHS = "$(inherited) @executable_path/Frameworks @loader_path/Frameworks";
				PRODUCT_BUNDLE_IDENTIFIER = com.futureworkshops.UserDefaultsTests;
				PRODUCT_NAME = "$(TARGET_NAME)";
				PROVISIONING_PROFILE_SPECIFIER = "";
				SWIFT_VERSION = 5.0;
				TEST_HOST = "$(BUILT_PRODUCTS_DIR)/UserDefaults.app/UserDefaults";
			};
			name = Release;
		};
/* End XCBuildConfiguration section */

/* Begin XCConfigurationList section */
		B75028AC1C5A3F94000EB3CF /* Build configuration list for PBXProject "UserDefaults" */ = {
			isa = XCConfigurationList;
			buildConfigurations = (
				B75028CC1C5A3F94000EB3CF /* Debug */,
				B75028CD1C5A3F94000EB3CF /* Release */,
			);
			defaultConfigurationIsVisible = 0;
			defaultConfigurationName = Release;
		};
		B75028CE1C5A3F94000EB3CF /* Build configuration list for PBXNativeTarget "UserDefaults" */ = {
			isa = XCConfigurationList;
			buildConfigurations = (
				B75028CF1C5A3F94000EB3CF /* Debug */,
				B75028D01C5A3F94000EB3CF /* Release */,
			);
			defaultConfigurationIsVisible = 0;
			defaultConfigurationName = Release;
		};
		B75028D11C5A3F94000EB3CF /* Build configuration list for PBXNativeTarget "UserDefaultsTests" */ = {
			isa = XCConfigurationList;
			buildConfigurations = (
				B75028D21C5A3F94000EB3CF /* Debug */,
				B75028D31C5A3F94000EB3CF /* Release */,
			);
			defaultConfigurationIsVisible = 0;
			defaultConfigurationName = Release;
		};
/* End XCConfigurationList section */
	};
	rootObject = B75028A91C5A3F94000EB3CF /* Project object */;
}
